
Microsoft Visual Studio Solution File, Format Version 12.00
# Visual Studio 14
VisualStudioVersion = 14.0.25420.1
MinimumVisualStudioVersion = 10.0.40219.1
Project("{2150E333-8FDC-42A3-9474-1A3956D46DE8}") = "src", "src", "{A6489B18-6E77-4E85-A915-79B1EDA8B3F9}"
EndProject
Project("{2150E333-8FDC-42A3-9474-1A3956D46DE8}") = "test", "test", "{5C72FA2E-D3CB-478D-9D50-D9E7660F286C}"
EndProject
Project("{FAE04EC0-301F-11D3-BF4B-00C04F79EFBC}") = "DbMapper.BusinessObjects", "src\DbMapper.BusinessObjects\DbMapper.BusinessObjects.csproj", "{120F41CB-ABFA-4EC7-83A4-029850C09DB0}"
EndProject
Project("{FAE04EC0-301F-11D3-BF4B-00C04F79EFBC}") = "DbMapper.DAL", "src\DbMapper.DAL\DbMapper.DAL.csproj", "{74DBA466-DDC0-4527-9224-7F277784F8BF}"
EndProject
Project("{FAE04EC0-301F-11D3-BF4B-00C04F79EFBC}") = "DbMapper.DAL.SqlServer", "src\DbMapper.DAL.SqlServer\DbMapper.DAL.SqlServer.csproj", "{4A538C9A-2FC6-4123-83F4-3CDE2BDEFDC8}"
EndProject
Project("{FAE04EC0-301F-11D3-BF4B-00C04F79EFBC}") = "DbMapper.Core", "src\DbMapper.Core\DbMapper.Core.csproj", "{C4734838-BF32-4C0E-99F9-4C7214CDF728}"
EndProject
Project("{FAE04EC0-301F-11D3-BF4B-00C04F79EFBC}") = "DbMapper.Tests", "test\DbMapper.Tests\DbMapper.Tests.csproj", "{104D9E6A-A25F-455E-8EBE-355070C7782A}"
EndProject
Global
	GlobalSection(SolutionConfigurationPlatforms) = preSolution
		Debug|Any CPU = Debug|Any CPU
		Release|Any CPU = Release|Any CPU
	EndGlobalSection
	GlobalSection(ProjectConfigurationPlatforms) = postSolution
		{120F41CB-ABFA-4EC7-83A4-029850C09DB0}.Debug|Any CPU.ActiveCfg = Debug|Any CPU
		{120F41CB-ABFA-4EC7-83A4-029850C09DB0}.Debug|Any CPU.Build.0 = Debug|Any CPU
		{120F41CB-ABFA-4EC7-83A4-029850C09DB0}.Release|Any CPU.ActiveCfg = Release|Any CPU
		{120F41CB-ABFA-4EC7-83A4-029850C09DB0}.Release|Any CPU.Build.0 = Release|Any CPU
		{74DBA466-DDC0-4527-9224-7F277784F8BF}.Debug|Any CPU.ActiveCfg = Debug|Any CPU
		{74DBA466-DDC0-4527-9224-7F277784F8BF}.Debug|Any CPU.Build.0 = Debug|Any CPU
		{74DBA466-DDC0-4527-9224-7F277784F8BF}.Release|Any CPU.ActiveCfg = Release|Any CPU
		{74DBA466-DDC0-4527-9224-7F277784F8BF}.Release|Any CPU.Build.0 = Release|Any CPU
		{4A538C9A-2FC6-4123-83F4-3CDE2BDEFDC8}.Debug|Any CPU.ActiveCfg = Debug|Any CPU
		{4A538C9A-2FC6-4123-83F4-3CDE2BDEFDC8}.Debug|Any CPU.Build.0 = Debug|Any CPU
		{4A538C9A-2FC6-4123-83F4-3CDE2BDEFDC8}.Release|Any CPU.ActiveCfg = Release|Any CPU
		{4A538C9A-2FC6-4123-83F4-3CDE2BDEFDC8}.Release|Any CPU.Build.0 = Release|Any CPU
		{C4734838-BF32-4C0E-99F9-4C7214CDF728}.Debug|Any CPU.ActiveCfg = Debug|Any CPU
		{C4734838-BF32-4C0E-99F9-4C7214CDF728}.Debug|Any CPU.Build.0 = Debug|Any CPU
		{C4734838-BF32-4C0E-99F9-4C7214CDF728}.Release|Any CPU.ActiveCfg = Release|Any CPU
		{C4734838-BF32-4C0E-99F9-4C7214CDF728}.Release|Any CPU.Build.0 = Release|Any CPU
		{104D9E6A-A25F-455E-8EBE-355070C7782A}.Debug|Any CPU.ActiveCfg = Debug|Any CPU
		{104D9E6A-A25F-455E-8EBE-355070C7782A}.Debug|Any CPU.Build.0 = Debug|Any CPU
		{104D9E6A-A25F-455E-8EBE-355070C7782A}.Release|Any CPU.ActiveCfg = Release|Any CPU
		{104D9E6A-A25F-455E-8EBE-355070C7782A}.Release|Any CPU.Build.0 = Release|Any CPU
	EndGlobalSection
	GlobalSection(SolutionProperties) = preSolution
		HideSolutionNode = FALSE
	EndGlobalSection
	GlobalSection(NestedProjects) = preSolution
		{120F41CB-ABFA-4EC7-83A4-029850C09DB0} = {A6489B18-6E77-4E85-A915-79B1EDA8B3F9}
		{74DBA466-DDC0-4527-9224-7F277784F8BF} = {A6489B18-6E77-4E85-A915-79B1EDA8B3F9}
		{4A538C9A-2FC6-4123-83F4-3CDE2BDEFDC8} = {A6489B18-6E77-4E85-A915-79B1EDA8B3F9}
		{C4734838-BF32-4C0E-99F9-4C7214CDF728} = {A6489B18-6E77-4E85-A915-79B1EDA8B3F9}
		{104D9E6A-A25F-455E-8EBE-355070C7782A} = {5C72FA2E-D3CB-478D-9D50-D9E7660F286C}
	EndGlobalSection
EndGlobal
